
Microsoft Visual Studio Solution File, Format Version 12.00
# Visual Studio 15
VisualStudioVersion = 15.0.27130.2027
MinimumVisualStudioVersion = 10.0.40219.1
Project("{FAE04EC0-301F-11D3-BF4B-00C04F79EFBC}") = "TheMovieDbBot", "TheMovieDbBot\TheMovieDbBot.csproj", "{D78D7101-0937-4C13-A61C-433F146D21A3}"
EndProject
Global
	GlobalSection(SolutionConfigurationPlatforms) = preSolution
		Debug|Any CPU = Debug|Any CPU
		Release|Any CPU = Release|Any CPU
	EndGlobalSection
	GlobalSection(ProjectConfigurationPlatforms) = postSolution
		{D78D7101-0937-4C13-A61C-433F146D21A3}.Debug|Any CPU.ActiveCfg = Debug|Any CPU
		{D78D7101-0937-4C13-A61C-433F146D21A3}.Debug|Any CPU.Build.0 = Debug|Any CPU
		{D78D7101-0937-4C13-A61C-433F146D21A3}.Release|Any CPU.ActiveCfg = Release|Any CPU
		{D78D7101-0937-4C13-A61C-433F146D21A3}.Release|Any CPU.Build.0 = Release|Any CPU
	EndGlobalSection
	GlobalSection(SolutionProperties) = preSolution
		HideSolutionNode = FALSE
	EndGlobalSection
	GlobalSection(ExtensibilityGlobals) = postSolution
		SolutionGuid = {658B2B0A-1EF0-4E66-B9EF-FAE2E3698E00}
	EndGlobalSection
EndGlobal
